
Microsoft Visual Studio Solution File, Format Version 12.00
# Visual Studio Version 17
VisualStudioVersion = 17.0.32112.339
MinimumVisualStudioVersion = 10.0.40219.1
Project("{8BC9CEB8-8B4A-11D0-8D11-00A0C91BC942}") = "Homework02_Program3", "Homework02_Program3\Homework02_Program3.vcxproj", "{FEB776C4-0844-4DE9-9C87-B9CD4C25C259}"
EndProject
Global
	GlobalSection(SolutionConfigurationPlatforms) = preSolution
		Debug|x64 = Debug|x64
		Debug|x86 = Debug|x86
		Release|x64 = Release|x64
		Release|x86 = Release|x86
	EndGlobalSection
	GlobalSection(ProjectConfigurationPlatforms) = postSolution
		{FEB776C4-0844-4DE9-9C87-B9CD4C25C259}.Debug|x64.ActiveCfg = Debug|x64
		{FEB776C4-0844-4DE9-9C87-B9CD4C25C259}.Debug|x64.Build.0 = Debug|x64
		{FEB776C4-0844-4DE9-9C87-B9CD4C25C259}.Debug|x86.ActiveCfg = Debug|Win32
		{FEB776C4-0844-4DE9-9C87-B9CD4C25C259}.Debug|x86.Build.0 = Debug|Win32
		{FEB776C4-0844-4DE9-9C87-B9CD4C25C259}.Release|x64.ActiveCfg = Release|x64
		{FEB776C4-0844-4DE9-9C87-B9CD4C25C259}.Release|x64.Build.0 = Release|x64
		{FEB776C4-0844-4DE9-9C87-B9CD4C25C259}.Release|x86.ActiveCfg = Release|Win32
		{FEB776C4-0844-4DE9-9C87-B9CD4C25C259}.Release|x86.Build.0 = Release|Win32
	EndGlobalSection
	GlobalSection(SolutionProperties) = preSolution
		HideSolutionNode = FALSE
	EndGlobalSection
	GlobalSection(ExtensibilityGlobals) = postSolution
		SolutionGuid = {69C59004-F994-4D10-8DE4-F328F72575BB}
	EndGlobalSection
EndGlobal
